# THIS IS AN AUTOGENERATED FILE. DO NOT EDIT THIS FILE DIRECTLY.
# yarn lockfile v1


react-naver-login@^0.1.4:
  version "0.1.4"
  resolved "https://registry.yarnpkg.com/react-naver-login/-/react-naver-login-0.1.4.tgz#d5b5a15632d810c397909c33c642adde60d1656b"
  integrity sha512-ZFciTw96TyqSmCNjNqTqa8VeP1Y0Hl7Ult9uN6+Y6egpBSjLU8IwB1Y3gfltZYrPQC9uoqr6nICi4SX4JYhoGQ==
